// !$*UTF8*$!
{
	archiveVersion = 1;
	classes = {
	};
	objectVersion = 56;
	objects = {

/* Begin PBXBuildFile section */
		1460A09E28E8A21800559ACE /* AppDelegate.swift in Sources */ = {isa = PBXBuildFile; fileRef = 1460A09D28E8A21800559ACE /* AppDelegate.swift */; };
		1460A0A028E8A21800559ACE /* SceneDelegate.swift in Sources */ = {isa = PBXBuildFile; fileRef = 1460A09F28E8A21800559ACE /* SceneDelegate.swift */; };
		1460A0A528E8A21800559ACE /* Main.storyboard in Resources */ = {isa = PBXBuildFile; fileRef = 1460A0A328E8A21800559ACE /* Main.storyboard */; };
		1460A0A728E8A21900559ACE /* Assets.xcassets in Resources */ = {isa = PBXBuildFile; fileRef = 1460A0A628E8A21900559ACE /* Assets.xcassets */; };
		1460A0AA28E8A21900559ACE /* LaunchScreen.storyboard in Resources */ = {isa = PBXBuildFile; fileRef = 1460A0A828E8A21900559ACE /* LaunchScreen.storyboard */; };
		1460A0B228E8A31E00559ACE /* FirstViewController.swift in Sources */ = {isa = PBXBuildFile; fileRef = 1460A0B128E8A31E00559ACE /* FirstViewController.swift */; };
		1460A0B428E8A33000559ACE /* WelcomeViewController.swift in Sources */ = {isa = PBXBuildFile; fileRef = 1460A0B328E8A33000559ACE /* WelcomeViewController.swift */; };
		1460A0B628E8A34100559ACE /* SignUpViewController.swift in Sources */ = {isa = PBXBuildFile; fileRef = 1460A0B528E8A34100559ACE /* SignUpViewController.swift */; };
		1482171228EC8A1F00F095B6 /* ViewController.swift in Sources */ = {isa = PBXBuildFile; fileRef = 1460A0A128E8A21800559ACE /* ViewController.swift */; };
		14B7243D28EE002F00B6DB2B /* UIView + Extension.swift in Sources */ = {isa = PBXBuildFile; fileRef = 14B7243C28EE002F00B6DB2B /* UIView + Extension.swift */; };
/* End PBXBuildFile section */

/* Begin PBXFileReference section */
		1460A09A28E8A21800559ACE /* SOPT_Assignment1.app */ = {isa = PBXFileReference; explicitFileType = wrapper.application; includeInIndex = 0; path = SOPT_Assignment1.app; sourceTree = BUILT_PRODUCTS_DIR; };
		1460A09D28E8A21800559ACE /* AppDelegate.swift */ = {isa = PBXFileReference; lastKnownFileType = sourcecode.swift; path = AppDelegate.swift; sourceTree = "<group>"; };
		1460A09F28E8A21800559ACE /* SceneDelegate.swift */ = {isa = PBXFileReference; lastKnownFileType = sourcecode.swift; path = SceneDelegate.swift; sourceTree = "<group>"; };
		1460A0A128E8A21800559ACE /* ViewController.swift */ = {isa = PBXFileReference; lastKnownFileType = sourcecode.swift; path = ViewController.swift; sourceTree = "<group>"; };
		1460A0A428E8A21800559ACE /* Base */ = {isa = PBXFileReference; lastKnownFileType = file.storyboard; name = Base; path = Base.lproj/Main.storyboard; sourceTree = "<group>"; };
		1460A0A628E8A21900559ACE /* Assets.xcassets */ = {isa = PBXFileReference; lastKnownFileType = folder.assetcatalog; path = Assets.xcassets; sourceTree = "<group>"; };
		1460A0A928E8A21900559ACE /* Base */ = {isa = PBXFileReference; lastKnownFileType = file.storyboard; name = Base; path = Base.lproj/LaunchScreen.storyboard; sourceTree = "<group>"; };
		1460A0AB28E8A21900559ACE /* Info.plist */ = {isa = PBXFileReference; lastKnownFileType = text.plist.xml; path = Info.plist; sourceTree = "<group>"; };
		1460A0B128E8A31E00559ACE /* FirstViewController.swift */ = {isa = PBXFileReference; lastKnownFileType = sourcecode.swift; path = FirstViewController.swift; sourceTree = "<group>"; };
		1460A0B328E8A33000559ACE /* WelcomeViewController.swift */ = {isa = PBXFileReference; lastKnownFileType = sourcecode.swift; path = WelcomeViewController.swift; sourceTree = "<group>"; };
		1460A0B528E8A34100559ACE /* SignUpViewController.swift */ = {isa = PBXFileReference; lastKnownFileType = sourcecode.swift; path = SignUpViewController.swift; sourceTree = "<group>"; };
		14B7243C28EE002F00B6DB2B /* UIView + Extension.swift */ = {isa = PBXFileReference; lastKnownFileType = sourcecode.swift; path = "UIView + Extension.swift"; sourceTree = "<group>"; };
/* End PBXFileReference section */

/* Begin PBXFrameworksBuildPhase section */
		1460A09728E8A21800559ACE /* Frameworks */ = {
			isa = PBXFrameworksBuildPhase;
			buildActionMask = 2147483647;
			files = (
			);
			runOnlyForDeploymentPostprocessing = 0;
		};
/* End PBXFrameworksBuildPhase section */

/* Begin PBXGroup section */
		1460A09128E8A21800559ACE = {
			isa = PBXGroup;
			children = (
				1460A09C28E8A21800559ACE /* SOPT_Assignment1 */,
				1460A09B28E8A21800559ACE /* Products */,
			);
			sourceTree = "<group>";
		};
		1460A09B28E8A21800559ACE /* Products */ = {
			isa = PBXGroup;
			children = (
				1460A09A28E8A21800559ACE /* SOPT_Assignment1.app */,
			);
			name = Products;
			sourceTree = "<group>";
		};
		1460A09C28E8A21800559ACE /* SOPT_Assignment1 */ = {
			isa = PBXGroup;
			children = (
				1460A09D28E8A21800559ACE /* AppDelegate.swift */,
				1460A09F28E8A21800559ACE /* SceneDelegate.swift */,
				1460A0B128E8A31E00559ACE /* FirstViewController.swift */,
				1460A0B328E8A33000559ACE /* WelcomeViewController.swift */,
				1460A0B528E8A34100559ACE /* SignUpViewController.swift */,
				1460A0A128E8A21800559ACE /* ViewController.swift */,
				14B7243C28EE002F00B6DB2B /* UIView + Extension.swift */,
				1460A0A328E8A21800559ACE /* Main.storyboard */,
				1460A0A628E8A21900559ACE /* Assets.xcassets */,
				1460A0A828E8A21900559ACE /* LaunchScreen.storyboard */,
				1460A0AB28E8A21900559ACE /* Info.plist */,
			);
			path = SOPT_Assignment1;
			sourceTree = "<group>";
		};
/* End PBXGroup section */

/* Begin PBXNativeTarget section */
		1460A09928E8A21800559ACE /* SOPT_Assignment1 */ = {
			isa = PBXNativeTarget;
			buildConfigurationList = 1460A0AE28E8A21900559ACE /* Build configuration list for PBXNativeTarget "SOPT_Assignment1" */;
			buildPhases = (
				1460A09628E8A21800559ACE /* Sources */,
				1460A09728E8A21800559ACE /* Frameworks */,
				1460A09828E8A21800559ACE /* Resources */,
			);
			buildRules = (
			);
			dependencies = (
			);
			name = SOPT_Assignment1;
			productName = SOPT_FirstTask;
			productReference = 1460A09A28E8A21800559ACE /* SOPT_Assignment1.app */;
			productType = "com.apple.product-type.application";
		};
/* End PBXNativeTarget section */

/* Begin PBXProject section */
		1460A09228E8A21800559ACE /* Project object */ = {
			isa = PBXProject;
			attributes = {
				BuildIndependentTargetsInParallel = 1;
				LastSwiftUpdateCheck = 1400;
				LastUpgradeCheck = 1400;
				TargetAttributes = {
					1460A09928E8A21800559ACE = {
						CreatedOnToolsVersion = 14.0.1;
					};
				};
			};
			buildConfigurationList = 1460A09528E8A21800559ACE /* Build configuration list for PBXProject "SOPT_Assignment1" */;
			compatibilityVersion = "Xcode 14.0";
			developmentRegion = en;
			hasScannedForEncodings = 0;
			knownRegions = (
				en,
				Base,
			);
			mainGroup = 1460A09128E8A21800559ACE;
			productRefGroup = 1460A09B28E8A21800559ACE /* Products */;
			projectDirPath = "";
			projectRoot = "";
			targets = (
				1460A09928E8A21800559ACE /* SOPT_Assignment1 */,
			);
		};
/* End PBXProject section */

/* Begin PBXResourcesBuildPhase section */
		1460A09828E8A21800559ACE /* Resources */ = {
			isa = PBXResourcesBuildPhase;
			buildActionMask = 2147483647;
			files = (
				1460A0AA28E8A21900559ACE /* LaunchScreen.storyboard in Resources */,
				1460A0A728E8A21900559ACE /* Assets.xcassets in Resources */,
				1460A0A528E8A21800559ACE /* Main.storyboard in Resources */,
			);
			runOnlyForDeploymentPostprocessing = 0;
		};
/* End PBXResourcesBuildPhase section */

/* Begin PBXSourcesBuildPhase section */
		1460A09628E8A21800559ACE /* Sources */ = {
			isa = PBXSourcesBuildPhase;
			buildActionMask = 2147483647;
			files = (
				1482171228EC8A1F00F095B6 /* ViewController.swift in Sources */,
				14B7243D28EE002F00B6DB2B /* UIView + Extension.swift in Sources */,
				1460A09E28E8A21800559ACE /* AppDelegate.swift in Sources */,
				1460A0A028E8A21800559ACE /* SceneDelegate.swift in Sources */,
				1460A0B428E8A33000559ACE /* WelcomeViewController.swift in Sources */,
				1460A0B628E8A34100559ACE /* SignUpViewController.swift in Sources */,
				1460A0B228E8A31E00559ACE /* FirstViewController.swift in Sources */,
			);
			runOnlyForDeploymentPostprocessing = 0;
		};
/* End PBXSourcesBuildPhase section */

/* Begin PBXVariantGroup section */
		1460A0A328E8A21800559ACE /* Main.storyboard */ = {
			isa = PBXVariantGroup;
			children = (
				1460A0A428E8A21800559ACE /* Base */,
			);
			name = Main.storyboard;
			sourceTree = "<group>";
		};
		1460A0A828E8A21900559ACE /* LaunchScreen.storyboard */ = {
			isa = PBXVariantGroup;
			children = (
				1460A0A928E8A21900559ACE /* Base */,
			);
			name = LaunchScreen.storyboard;
			sourceTree = "<group>";
		};
/* End PBXVariantGroup section */

/* Begin XCBuildConfiguration section */
		1460A0AC28E8A21900559ACE /* Debug */ = {
			isa = XCBuildConfiguration;
			buildSettings = {
				ALWAYS_SEARCH_USER_PATHS = NO;
				CLANG_ANALYZER_NONNULL = YES;
				CLANG_ANALYZER_NUMBER_OBJECT_CONVERSION = YES_AGGRESSIVE;
				CLANG_CXX_LANGUAGE_STANDARD = "gnu++20";
				CLANG_ENABLE_MODULES = YES;
				CLANG_ENABLE_OBJC_ARC = YES;
				CLANG_ENABLE_OBJC_WEAK = YES;
				CLANG_WARN_BLOCK_CAPTURE_AUTORELEASING = YES;
				CLANG_WARN_BOOL_CONVERSION = YES;
				CLANG_WARN_COMMA = YES;
				CLANG_WARN_CONSTANT_CONVERSION = YES;
				CLANG_WARN_DEPRECATED_OBJC_IMPLEMENTATIONS = YES;
				CLANG_WARN_DIRECT_OBJC_ISA_USAGE = YES_ERROR;
				CLANG_WARN_DOCUMENTATION_COMMENTS = YES;
				CLANG_WARN_EMPTY_BODY = YES;
				CLANG_WARN_ENUM_CONVERSION = YES;
				CLANG_WARN_INFINITE_RECURSION = YES;
				CLANG_WARN_INT_CONVERSION = YES;
				CLANG_WARN_NON_LITERAL_NULL_CONVERSION = YES;
				CLANG_WARN_OBJC_IMPLICIT_RETAIN_SELF = YES;
				CLANG_WARN_OBJC_LITERAL_CONVERSION = YES;
				CLANG_WARN_OBJC_ROOT_CLASS = YES_ERROR;
				CLANG_WARN_QUOTED_INCLUDE_IN_FRAMEWORK_HEADER = YES;
				CLANG_WARN_RANGE_LOOP_ANALYSIS = YES;
				CLANG_WARN_STRICT_PROTOTYPES = YES;
				CLANG_WARN_SUSPICIOUS_MOVE = YES;
				CLANG_WARN_UNGUARDED_AVAILABILITY = YES_AGGRESSIVE;
				CLANG_WARN_UNREACHABLE_CODE = YES;
				CLANG_WARN__DUPLICATE_METHOD_MATCH = YES;
				COPY_PHASE_STRIP = NO;
				DEBUG_INFORMATION_FORMAT = dwarf;
				ENABLE_STRICT_OBJC_MSGSEND = YES;
				ENABLE_TESTABILITY = YES;
				GCC_C_LANGUAGE_STANDARD = gnu11;
				GCC_DYNAMIC_NO_PIC = NO;
				GCC_NO_COMMON_BLOCKS = YES;
				GCC_OPTIMIZATION_LEVEL = 0;
				GCC_PREPROCESSOR_DEFINITIONS = (
					"DEBUG=1",
					"$(inherited)",
				);
				GCC_WARN_64_TO_32_BIT_CONVERSION = YES;
				GCC_WARN_ABOUT_RETURN_TYPE = YES_ERROR;
				GCC_WARN_UNDECLARED_SELECTOR = YES;
				GCC_WARN_UNINITIALIZED_AUTOS = YES_AGGRESSIVE;
				GCC_WARN_UNUSED_FUNCTION = YES;
				GCC_WARN_UNUSED_VARIABLE = YES;
				IPHONEOS_DEPLOYMENT_TARGET = 16.0;
				MTL_ENABLE_DEBUG_INFO = INCLUDE_SOURCE;
				MTL_FAST_MATH = YES;
				ONLY_ACTIVE_ARCH = YES;
				SDKROOT = iphoneos;
				SWIFT_ACTIVE_COMPILATION_CONDITIONS = DEBUG;
				SWIFT_OPTIMIZATION_LEVEL = "-Onone";
			};
			name = Debug;
		};
		1460A0AD28E8A21900559ACE /* Release */ = {
			isa = XCBuildConfiguration;
			buildSettings = {
				ALWAYS_SEARCH_USER_PATHS = NO;
				CLANG_ANALYZER_NONNULL = YES;
				CLANG_ANALYZER_NUMBER_OBJECT_CONVERSION = YES_AGGRESSIVE;
				CLANG_CXX_LANGUAGE_STANDARD = "gnu++20";
				CLANG_ENABLE_MODULES = YES;
				CLANG_ENABLE_OBJC_ARC = YES;
				CLANG_ENABLE_OBJC_WEAK = YES;
				CLANG_WARN_BLOCK_CAPTURE_AUTORELEASING = YES;
				CLANG_WARN_BOOL_CONVERSION = YES;
				CLANG_WARN_COMMA = YES;
				CLANG_WARN_CONSTANT_CONVERSION = YES;
				CLANG_WARN_DEPRECATED_OBJC_IMPLEMENTATIONS = YES;
				CLANG_WARN_DIRECT_OBJC_ISA_USAGE = YES_ERROR;
				CLANG_WARN_DOCUMENTATION_COMMENTS = YES;
				CLANG_WARN_EMPTY_BODY = YES;
				CLANG_WARN_ENUM_CONVERSION = YES;
				CLANG_WARN_INFINITE_RECURSION = YES;
				CLANG_WARN_INT_CONVERSION = YES;
				CLANG_WARN_NON_LITERAL_NULL_CONVERSION = YES;
				CLANG_WARN_OBJC_IMPLICIT_RETAIN_SELF = YES;
				CLANG_WARN_OBJC_LITERAL_CONVERSION = YES;
				CLANG_WARN_OBJC_ROOT_CLASS = YES_ERROR;
				CLANG_WARN_QUOTED_INCLUDE_IN_FRAMEWORK_HEADER = YES;
				CLANG_WARN_RANGE_LOOP_ANALYSIS = YES;
				CLANG_WARN_STRICT_PROTOTYPES = YES;
				CLANG_WARN_SUSPICIOUS_MOVE = YES;
				CLANG_WARN_UNGUARDED_AVAILABILITY = YES_AGGRESSIVE;
				CLANG_WARN_UNREACHABLE_CODE = YES;
				CLANG_WARN__DUPLICATE_METHOD_MATCH = YES;
				COPY_PHASE_STRIP = NO;
				DEBUG_INFORMATION_FORMAT = "dwarf-with-dsym";
				ENABLE_NS_ASSERTIONS = NO;
				ENABLE_STRICT_OBJC_MSGSEND = YES;
				GCC_C_LANGUAGE_STANDARD = gnu11;
				GCC_NO_COMMON_BLOCKS = YES;
				GCC_WARN_64_TO_32_BIT_CONVERSION = YES;
				GCC_WARN_ABOUT_RETURN_TYPE = YES_ERROR;
				GCC_WARN_UNDECLARED_SELECTOR = YES;
				GCC_WARN_UNINITIALIZED_AUTOS = YES_AGGRESSIVE;
				GCC_WARN_UNUSED_FUNCTION = YES;
				GCC_WARN_UNUSED_VARIABLE = YES;
				IPHONEOS_DEPLOYMENT_TARGET = 16.0;
				MTL_ENABLE_DEBUG_INFO = NO;
				MTL_FAST_MATH = YES;
				SDKROOT = iphoneos;
				SWIFT_COMPILATION_MODE = wholemodule;
				SWIFT_OPTIMIZATION_LEVEL = "-O";
				VALIDATE_PRODUCT = YES;
			};
			name = Release;
		};
		1460A0AF28E8A21900559ACE /* Debug */ = {
			isa = XCBuildConfiguration;
			buildSettings = {
				ASSETCATALOG_COMPILER_APPICON_NAME = AppIcon;
				ASSETCATALOG_COMPILER_GLOBAL_ACCENT_COLOR_NAME = AccentColor;
				CODE_SIGN_STYLE = Automatic;
				CURRENT_PROJECT_VERSION = 1;
				GENERATE_INFOPLIST_FILE = YES;
				INFOPLIST_FILE = SOPT_Assignment1/Info.plist;
				INFOPLIST_KEY_UIApplicationSupportsIndirectInputEvents = YES;
				INFOPLIST_KEY_UILaunchStoryboardName = LaunchScreen;
				INFOPLIST_KEY_UIMainStoryboardFile = Main;
				INFOPLIST_KEY_UISupportedInterfaceOrientations_iPad = "UIInterfaceOrientationPortrait UIInterfaceOrientationPortraitUpsideDown UIInterfaceOrientationLandscapeLeft UIInterfaceOrientationLandscapeRight";
				INFOPLIST_KEY_UISupportedInterfaceOrientations_iPhone = "UIInterfaceOrientationPortrait UIInterfaceOrientationLandscapeLeft UIInterfaceOrientationLandscapeRight";
				IPHONEOS_DEPLOYMENT_TARGET = 15.0;
				LD_RUNPATH_SEARCH_PATHS = (
					"$(inherited)",
					"@executable_path/Frameworks",
				);
				MARKETING_VERSION = 1.0;
				PRODUCT_BUNDLE_IDENTIFIER = "com.inyoung.forStudy.SOPT-Assignment1";
				PRODUCT_MODULE_NAME = SOPT_Assignment1;
				PRODUCT_NAME = SOPT_Assignment1;
				SWIFT_EMIT_LOC_STRINGS = YES;
				SWIFT_VERSION = 5.0;
				TARGETED_DEVICE_FAMILY = "1,2";
			};
			name = Debug;
		};
		1460A0B028E8A21900559ACE /* Release */ = {
			isa = XCBuildConfiguration;
			buildSettings = {
				ASSETCATALOG_COMPILER_APPICON_NAME = AppIcon;
				ASSETCATALOG_COMPILER_GLOBAL_ACCENT_COLOR_NAME = AccentColor;
				CODE_SIGN_STYLE = Automatic;
				CURRENT_PROJECT_VERSION = 1;
				GENERATE_INFOPLIST_FILE = YES;
				INFOPLIST_FILE = SOPT_Assignment1/Info.plist;
				INFOPLIST_KEY_UIApplicationSupportsIndirectInputEvents = YES;
				INFOPLIST_KEY_UILaunchStoryboardName = LaunchScreen;
				INFOPLIST_KEY_UIMainStoryboardFile = Main;
				INFOPLIST_KEY_UISupportedInterfaceOrientations_iPad = "UIInterfaceOrientationPortrait UIInterfaceOrientationPortraitUpsideDown UIInterfaceOrientationLandscapeLeft UIInterfaceOrientationLandscapeRight";
				INFOPLIST_KEY_UISupportedInterfaceOrientations_iPhone = "UIInterfaceOrientationPortrait UIInterfaceOrientationLandscapeLeft UIInterfaceOrientationLandscapeRight";
				IPHONEOS_DEPLOYMENT_TARGET = 15.0;
				LD_RUNPATH_SEARCH_PATHS = (
					"$(inherited)",
					"@executable_path/Frameworks",
				);
				MARKETING_VERSION = 1.0;
				PRODUCT_BUNDLE_IDENTIFIER = "com.inyoung.forStudy.SOPT-Assignment1";
				PRODUCT_MODULE_NAME = SOPT_Assignment1;
				PRODUCT_NAME = SOPT_Assignment1;
				SWIFT_EMIT_LOC_STRINGS = YES;
				SWIFT_VERSION = 5.0;
				TARGETED_DEVICE_FAMILY = "1,2";
			};
			name = Release;
		};
/* End XCBuildConfiguration section */

/* Begin XCConfigurationList section */
		1460A09528E8A21800559ACE /* Build configuration list for PBXProject "SOPT_Assignment1" */ = {
			isa = XCConfigurationList;
			buildConfigurations = (
				1460A0AC28E8A21900559ACE /* Debug */,
				1460A0AD28E8A21900559ACE /* Release */,
			);
			defaultConfigurationIsVisible = 0;
			defaultConfigurationName = Release;
		};
		1460A0AE28E8A21900559ACE /* Build configuration list for PBXNativeTarget "SOPT_Assignment1" */ = {
			isa = XCConfigurationList;
			buildConfigurations = (
				1460A0AF28E8A21900559ACE /* Debug */,
				1460A0B028E8A21900559ACE /* Release */,
			);
			defaultConfigurationIsVisible = 0;
			defaultConfigurationName = Release;
		};
/* End XCConfigurationList section */
	};
	rootObject = 1460A09228E8A21800559ACE /* Project object */;
}
